schema: '2.0'
stages:
  process:
    cmd: python process_data.py
    deps:
    - path: process_data.py
      hash: md5
      md5: f465471f877478fa082895c51be16da4
      size: 927
    - path: rawdata_new.csv
      hash: md5
      md5: b427a8c0156e79f12e418b08cde43c7e
      size: 68868
    outs:
    - path: data_processed.csv
      hash: md5
      md5: 67eaf9825502936004bf7caad92a9e52
      size: 24333
